
Microsoft Visual Studio Solution File, Format Version 12.00
# Visual Studio Version 17
VisualStudioVersion = 17.9.34622.214
MinimumVisualStudioVersion = 10.0.40219.1
Project("{8BC9CEB8-8B4A-11D0-8D11-00A0C91BC942}") = "CoroutinesFromScratch_SyncFunc", "CoroutinesFromScratch\CoroutinesFromScratch.vcxproj", "{51DDAF03-18CD-4006-B72B-35DC16E56792}"
EndProject
Project("{8BC9CEB8-8B4A-11D0-8D11-00A0C91BC942}") = "CoroutinesFromScratch_Await", "CoroutinesFromScratch1\CoroutinesFromScratch1.vcxproj", "{3390964D-56AC-40B8-936C-95BACCFEE3E5}"
EndProject
Project("{8BC9CEB8-8B4A-11D0-8D11-00A0C91BC942}") = "CoroutinesFromScratch_Yield", "CoroutinesFromScratch2\CoroutinesFromScratch2.vcxproj", "{637785E5-0682-4570-9B9C-47234C4A5D45}"
EndProject
Project("{8BC9CEB8-8B4A-11D0-8D11-00A0C91BC942}") = "CoroutinesFromScratch_StateMachine", "CoroutinesFromScratch3\CoroutinesFromScratch3.vcxproj", "{D54304FD-C6AA-4F96-8B07-A4F5B3EDFF68}"
EndProject
Project("{2150E333-8FDC-42A3-9474-1A3956D46DE8}") = "PrefetchTest", "PrefetchTest", "{FD74269B-C6A3-4EDF-A979-4DC28660086C}"
EndProject
Project("{8BC9CEB8-8B4A-11D0-8D11-00A0C91BC942}") = "RandomMemRead", "PrefetchTest\RandomMemRead\RandomMemRead.vcxproj", "{3FAA79EB-205F-47FA-86AD-6500D1D23180}"
EndProject
Project("{8BC9CEB8-8B4A-11D0-8D11-00A0C91BC942}") = "NanoCoroutinesFromGorNishanov", "NanoCoroutinesFromGorNishanov\NanoCoroutinesFromGorNishanov.vcxproj", "{6C469CF5-792E-4D2C-BBC5-356163014390}"
EndProject
Project("{8BC9CEB8-8B4A-11D0-8D11-00A0C91BC942}") = "CoroTest2", "CoroTest2\CoroTest2.vcxproj", "{CACADE4C-0DB6-4544-BE4E-2658A8A2E659}"
EndProject
Global
	GlobalSection(SolutionConfigurationPlatforms) = preSolution
		Debug|x64 = Debug|x64
		Debug|x86 = Debug|x86
		Release|x64 = Release|x64
		Release|x86 = Release|x86
	EndGlobalSection
	GlobalSection(ProjectConfigurationPlatforms) = postSolution
		{51DDAF03-18CD-4006-B72B-35DC16E56792}.Debug|x64.ActiveCfg = Debug|x64
		{51DDAF03-18CD-4006-B72B-35DC16E56792}.Debug|x64.Build.0 = Debug|x64
		{51DDAF03-18CD-4006-B72B-35DC16E56792}.Debug|x86.ActiveCfg = Debug|Win32
		{51DDAF03-18CD-4006-B72B-35DC16E56792}.Debug|x86.Build.0 = Debug|Win32
		{51DDAF03-18CD-4006-B72B-35DC16E56792}.Release|x64.ActiveCfg = Release|x64
		{51DDAF03-18CD-4006-B72B-35DC16E56792}.Release|x64.Build.0 = Release|x64
		{51DDAF03-18CD-4006-B72B-35DC16E56792}.Release|x86.ActiveCfg = Release|Win32
		{51DDAF03-18CD-4006-B72B-35DC16E56792}.Release|x86.Build.0 = Release|Win32
		{3390964D-56AC-40B8-936C-95BACCFEE3E5}.Debug|x64.ActiveCfg = Debug|x64
		{3390964D-56AC-40B8-936C-95BACCFEE3E5}.Debug|x64.Build.0 = Debug|x64
		{3390964D-56AC-40B8-936C-95BACCFEE3E5}.Debug|x86.ActiveCfg = Debug|Win32
		{3390964D-56AC-40B8-936C-95BACCFEE3E5}.Debug|x86.Build.0 = Debug|Win32
		{3390964D-56AC-40B8-936C-95BACCFEE3E5}.Release|x64.ActiveCfg = Release|x64
		{3390964D-56AC-40B8-936C-95BACCFEE3E5}.Release|x64.Build.0 = Release|x64
		{3390964D-56AC-40B8-936C-95BACCFEE3E5}.Release|x86.ActiveCfg = Release|Win32
		{3390964D-56AC-40B8-936C-95BACCFEE3E5}.Release|x86.Build.0 = Release|Win32
		{637785E5-0682-4570-9B9C-47234C4A5D45}.Debug|x64.ActiveCfg = Debug|x64
		{637785E5-0682-4570-9B9C-47234C4A5D45}.Debug|x64.Build.0 = Debug|x64
		{637785E5-0682-4570-9B9C-47234C4A5D45}.Debug|x86.ActiveCfg = Debug|Win32
		{637785E5-0682-4570-9B9C-47234C4A5D45}.Debug|x86.Build.0 = Debug|Win32
		{637785E5-0682-4570-9B9C-47234C4A5D45}.Release|x64.ActiveCfg = Release|x64
		{637785E5-0682-4570-9B9C-47234C4A5D45}.Release|x64.Build.0 = Release|x64
		{637785E5-0682-4570-9B9C-47234C4A5D45}.Release|x86.ActiveCfg = Release|Win32
		{637785E5-0682-4570-9B9C-47234C4A5D45}.Release|x86.Build.0 = Release|Win32
		{D54304FD-C6AA-4F96-8B07-A4F5B3EDFF68}.Debug|x64.ActiveCfg = Debug|x64
		{D54304FD-C6AA-4F96-8B07-A4F5B3EDFF68}.Debug|x64.Build.0 = Debug|x64
		{D54304FD-C6AA-4F96-8B07-A4F5B3EDFF68}.Debug|x86.ActiveCfg = Debug|Win32
		{D54304FD-C6AA-4F96-8B07-A4F5B3EDFF68}.Debug|x86.Build.0 = Debug|Win32
		{D54304FD-C6AA-4F96-8B07-A4F5B3EDFF68}.Release|x64.ActiveCfg = Release|x64
		{D54304FD-C6AA-4F96-8B07-A4F5B3EDFF68}.Release|x64.Build.0 = Release|x64
		{D54304FD-C6AA-4F96-8B07-A4F5B3EDFF68}.Release|x86.ActiveCfg = Release|Win32
		{D54304FD-C6AA-4F96-8B07-A4F5B3EDFF68}.Release|x86.Build.0 = Release|Win32
		{3FAA79EB-205F-47FA-86AD-6500D1D23180}.Debug|x64.ActiveCfg = Debug|x64
		{3FAA79EB-205F-47FA-86AD-6500D1D23180}.Debug|x64.Build.0 = Debug|x64
		{3FAA79EB-205F-47FA-86AD-6500D1D23180}.Debug|x86.ActiveCfg = Debug|Win32
		{3FAA79EB-205F-47FA-86AD-6500D1D23180}.Debug|x86.Build.0 = Debug|Win32
		{3FAA79EB-205F-47FA-86AD-6500D1D23180}.Release|x64.ActiveCfg = Release|x64
		{3FAA79EB-205F-47FA-86AD-6500D1D23180}.Release|x64.Build.0 = Release|x64
		{3FAA79EB-205F-47FA-86AD-6500D1D23180}.Release|x86.ActiveCfg = Release|Win32
		{3FAA79EB-205F-47FA-86AD-6500D1D23180}.Release|x86.Build.0 = Release|Win32
		{6C469CF5-792E-4D2C-BBC5-356163014390}.Debug|x64.ActiveCfg = Debug|x64
		{6C469CF5-792E-4D2C-BBC5-356163014390}.Debug|x64.Build.0 = Debug|x64
		{6C469CF5-792E-4D2C-BBC5-356163014390}.Debug|x86.ActiveCfg = Debug|Win32
		{6C469CF5-792E-4D2C-BBC5-356163014390}.Debug|x86.Build.0 = Debug|Win32
		{6C469CF5-792E-4D2C-BBC5-356163014390}.Release|x64.ActiveCfg = Release|x64
		{6C469CF5-792E-4D2C-BBC5-356163014390}.Release|x64.Build.0 = Release|x64
		{6C469CF5-792E-4D2C-BBC5-356163014390}.Release|x86.ActiveCfg = Release|Win32
		{6C469CF5-792E-4D2C-BBC5-356163014390}.Release|x86.Build.0 = Release|Win32
		{CACADE4C-0DB6-4544-BE4E-2658A8A2E659}.Debug|x64.ActiveCfg = Debug|x64
		{CACADE4C-0DB6-4544-BE4E-2658A8A2E659}.Debug|x64.Build.0 = Debug|x64
		{CACADE4C-0DB6-4544-BE4E-2658A8A2E659}.Debug|x86.ActiveCfg = Debug|Win32
		{CACADE4C-0DB6-4544-BE4E-2658A8A2E659}.Debug|x86.Build.0 = Debug|Win32
		{CACADE4C-0DB6-4544-BE4E-2658A8A2E659}.Release|x64.ActiveCfg = Release|x64
		{CACADE4C-0DB6-4544-BE4E-2658A8A2E659}.Release|x64.Build.0 = Release|x64
		{CACADE4C-0DB6-4544-BE4E-2658A8A2E659}.Release|x86.ActiveCfg = Release|Win32
		{CACADE4C-0DB6-4544-BE4E-2658A8A2E659}.Release|x86.Build.0 = Release|Win32
	EndGlobalSection
	GlobalSection(SolutionProperties) = preSolution
		HideSolutionNode = FALSE
	EndGlobalSection
	GlobalSection(NestedProjects) = preSolution
		{3FAA79EB-205F-47FA-86AD-6500D1D23180} = {FD74269B-C6A3-4EDF-A979-4DC28660086C}
	EndGlobalSection
	GlobalSection(ExtensibilityGlobals) = postSolution
		SolutionGuid = {4E97F842-2081-4458-9497-6A3E817E30CE}
	EndGlobalSection
EndGlobal
