
Microsoft Visual Studio Solution File, Format Version 12.00
# Visual Studio Version 17
VisualStudioVersion = 17.9.34622.214
MinimumVisualStudioVersion = 10.0.40219.1
Project("{8BC9CEB8-8B4A-11D0-8D11-00A0C91BC942}") = "GenerateFile", "GenerateFile\GenerateFile.vcxproj", "{6E1410EA-3D30-4D61-98FA-A1084C5F1ADA}"
EndProject
Project("{8BC9CEB8-8B4A-11D0-8D11-00A0C91BC942}") = "Concurrency", "Concurrency\Concurrency.vcxproj", "{C36EDF29-5D9D-47EA-97D0-DAD28B448AD4}"
EndProject
Project("{8BC9CEB8-8B4A-11D0-8D11-00A0C91BC942}") = "CurlCoro", "CurlCallback\CurlCallback.vcxproj", "{061393D4-314A-47E9-8F63-9499420A03CE}"
EndProject
Project("{8BC9CEB8-8B4A-11D0-8D11-00A0C91BC942}") = "co_await", "co_await\co_await.vcxproj", "{62A700F3-3AF8-4513-8673-55DE34AD4BD7}"
EndProject
Project("{8BC9CEB8-8B4A-11D0-8D11-00A0C91BC942}") = "co_yield", "co_yield\co_yield.vcxproj", "{12674F59-8A58-416D-94A5-20D4AEA2896C}"
EndProject
Global
	GlobalSection(SolutionConfigurationPlatforms) = preSolution
		Debug|x64 = Debug|x64
		Debug|x86 = Debug|x86
		Release|x64 = Release|x64
		Release|x86 = Release|x86
	EndGlobalSection
	GlobalSection(ProjectConfigurationPlatforms) = postSolution
		{6E1410EA-3D30-4D61-98FA-A1084C5F1ADA}.Debug|x64.ActiveCfg = Debug|x64
		{6E1410EA-3D30-4D61-98FA-A1084C5F1ADA}.Debug|x64.Build.0 = Debug|x64
		{6E1410EA-3D30-4D61-98FA-A1084C5F1ADA}.Debug|x86.ActiveCfg = Debug|Win32
		{6E1410EA-3D30-4D61-98FA-A1084C5F1ADA}.Debug|x86.Build.0 = Debug|Win32
		{6E1410EA-3D30-4D61-98FA-A1084C5F1ADA}.Release|x64.ActiveCfg = Release|x64
		{6E1410EA-3D30-4D61-98FA-A1084C5F1ADA}.Release|x64.Build.0 = Release|x64
		{6E1410EA-3D30-4D61-98FA-A1084C5F1ADA}.Release|x86.ActiveCfg = Release|Win32
		{6E1410EA-3D30-4D61-98FA-A1084C5F1ADA}.Release|x86.Build.0 = Release|Win32
		{C36EDF29-5D9D-47EA-97D0-DAD28B448AD4}.Debug|x64.ActiveCfg = Debug|x64
		{C36EDF29-5D9D-47EA-97D0-DAD28B448AD4}.Debug|x64.Build.0 = Debug|x64
		{C36EDF29-5D9D-47EA-97D0-DAD28B448AD4}.Debug|x86.ActiveCfg = Debug|Win32
		{C36EDF29-5D9D-47EA-97D0-DAD28B448AD4}.Debug|x86.Build.0 = Debug|Win32
		{C36EDF29-5D9D-47EA-97D0-DAD28B448AD4}.Release|x64.ActiveCfg = Release|x64
		{C36EDF29-5D9D-47EA-97D0-DAD28B448AD4}.Release|x64.Build.0 = Release|x64
		{C36EDF29-5D9D-47EA-97D0-DAD28B448AD4}.Release|x86.ActiveCfg = Release|Win32
		{C36EDF29-5D9D-47EA-97D0-DAD28B448AD4}.Release|x86.Build.0 = Release|Win32
		{061393D4-314A-47E9-8F63-9499420A03CE}.Debug|x64.ActiveCfg = Debug|x64
		{061393D4-314A-47E9-8F63-9499420A03CE}.Debug|x64.Build.0 = Debug|x64
		{061393D4-314A-47E9-8F63-9499420A03CE}.Debug|x86.ActiveCfg = Debug|Win32
		{061393D4-314A-47E9-8F63-9499420A03CE}.Debug|x86.Build.0 = Debug|Win32
		{061393D4-314A-47E9-8F63-9499420A03CE}.Release|x64.ActiveCfg = Release|x64
		{061393D4-314A-47E9-8F63-9499420A03CE}.Release|x64.Build.0 = Release|x64
		{061393D4-314A-47E9-8F63-9499420A03CE}.Release|x86.ActiveCfg = Release|Win32
		{061393D4-314A-47E9-8F63-9499420A03CE}.Release|x86.Build.0 = Release|Win32
		{62A700F3-3AF8-4513-8673-55DE34AD4BD7}.Debug|x64.ActiveCfg = Debug|x64
		{62A700F3-3AF8-4513-8673-55DE34AD4BD7}.Debug|x64.Build.0 = Debug|x64
		{62A700F3-3AF8-4513-8673-55DE34AD4BD7}.Debug|x86.ActiveCfg = Debug|Win32
		{62A700F3-3AF8-4513-8673-55DE34AD4BD7}.Debug|x86.Build.0 = Debug|Win32
		{62A700F3-3AF8-4513-8673-55DE34AD4BD7}.Release|x64.ActiveCfg = Release|x64
		{62A700F3-3AF8-4513-8673-55DE34AD4BD7}.Release|x64.Build.0 = Release|x64
		{62A700F3-3AF8-4513-8673-55DE34AD4BD7}.Release|x86.ActiveCfg = Release|Win32
		{62A700F3-3AF8-4513-8673-55DE34AD4BD7}.Release|x86.Build.0 = Release|Win32
		{12674F59-8A58-416D-94A5-20D4AEA2896C}.Debug|x64.ActiveCfg = Debug|x64
		{12674F59-8A58-416D-94A5-20D4AEA2896C}.Debug|x64.Build.0 = Debug|x64
		{12674F59-8A58-416D-94A5-20D4AEA2896C}.Debug|x86.ActiveCfg = Debug|Win32
		{12674F59-8A58-416D-94A5-20D4AEA2896C}.Debug|x86.Build.0 = Debug|Win32
		{12674F59-8A58-416D-94A5-20D4AEA2896C}.Release|x64.ActiveCfg = Release|x64
		{12674F59-8A58-416D-94A5-20D4AEA2896C}.Release|x64.Build.0 = Release|x64
		{12674F59-8A58-416D-94A5-20D4AEA2896C}.Release|x86.ActiveCfg = Release|Win32
		{12674F59-8A58-416D-94A5-20D4AEA2896C}.Release|x86.Build.0 = Release|Win32
	EndGlobalSection
	GlobalSection(SolutionProperties) = preSolution
		HideSolutionNode = FALSE
	EndGlobalSection
	GlobalSection(ExtensibilityGlobals) = postSolution
		SolutionGuid = {4E97F842-2081-4458-9497-6A3E817E30CE}
	EndGlobalSection
EndGlobal
